# THIS IS AN AUTOGENERATED FILE. DO NOT EDIT THIS FILE DIRECTLY
# generate-deploy.lock

version: 2.5.0
commit_hash: b5289128fe861661c8cff427afc990482ad74249
tree:
  name: deploy
  children:
    - name: .gitignore
      size: 56
      extension: ''
      type: file
      hash: 0028cc63f2404a88f186314acb79060f4209d2c3
      relative: ./.gitignore
    - name: cli250-dev
      children:
        - name: .env.web.encrypted.json
          size: 146
          extension: .json
          type: file
          hash: 7a4ef9f0e4c9904b09488dc7b5a5d74342dcb44e
          relative: ./cli250-dev/.env.web.encrypted.json
        - name: cli250-web-ingress.yaml
          size: 580
          extension: .yaml
          type: file
          hash: 0a2aa48592976f8b3ba2e35ae23ff821d224a2a2
          relative: ./cli250-dev/cli250-web-ingress.yaml
        - name: keys
          children: []
          size: 0
          type: directory
      size: 726
      type: directory
    - name: cli250-uat
      children:
        - name: .env.web.encrypted.json
          size: 146
          extension: .json
          type: file
          hash: 7a4ef9f0e4c9904b09488dc7b5a5d74342dcb44e
          relative: ./cli250-uat/.env.web.encrypted.json
        - name: cli250-web-ingress.yaml
          size: 580
          extension: .yaml
          type: file
          hash: 6dfbcc75c3ebde673e3b866d99b92e2a058391c1
          relative: ./cli250-uat/cli250-web-ingress.yaml
        - name: keys
          children: []
          size: 0
          type: directory
      size: 726
      type: directory
    - name: cli250-web-deployment.yaml
      size: 605
      extension: .yaml
      type: file
      hash: 0df714431b69aa895dea52f6a7743b9ba7fbdf33
      relative: ./cli250-web-deployment.yaml
    - name: cli250-web-service.yaml
      size: 274
      extension: .yaml
      type: file
      hash: da8814af424819df737d87f774a62f232fec7304
      relative: ./cli250-web-service.yaml
    - name: deploy-all.sh
      size: 527
      extension: .sh
      type: file
      hash: ce4ea214743b5a521c2f7fdeca70ac746f8c473d
      relative: ./deploy-all.sh
    - name: deploy.sh
      size: 11829
      extension: .sh
      type: file
      hash: bbef95203c89045b5f1a833f56bb95a47c92fa7b
      relative: ./deploy.sh
    - name: encrypt.sh
      size: 4165
      extension: .sh
      type: file
      hash: 744fb8684740bd5bb4bcca1c1da3fd9f84cd3adc
      relative: ./encrypt.sh
    - name: kubetail.sh
      size: 9593
      extension: .sh
      type: file
      hash: 34df1fcf4593db65ca6b9c8e5bd451938e672f18
      relative: ./kubetail.sh
    - name: logs.sh
      size: 756
      extension: .sh
      type: file
      hash: 7d7517cf4f66d8bfb5e1d4460f024e66495fc7c6
      relative: ./logs.sh
    - name: reveal.sh
      size: 2357
      extension: .sh
      type: file
      hash: 53f83eb73fb14dbd76c9a871f01cbc596f42371a
      relative: ./reveal.sh
  size: 31614
  type: directory
